
Microsoft Visual Studio Solution File, Format Version 12.00
# Visual Studio 15
VisualStudioVersion = 15.0.27703.2035
MinimumVisualStudioVersion = 10.0.40219.1
Project("{D954291E-2A0B-460D-934E-DC6B0785DB48}") = "CreationalProgramingPatterns", "CreationalProgramingPatterns\CreationalProgramingPatterns.shproj", "{D5C30B70-5824-4B70-A238-2773E0651910}"
EndProject
Project("{FAE04EC0-301F-11D3-BF4B-00C04F79EFBC}") = "SimpleFactory", "SimpleFactory\SimpleFactory.csproj", "{C210E613-D9CF-4481-BE23-646BE0D6F892}"
EndProject
Global
	GlobalSection(SharedMSBuildProjectFiles) = preSolution
		CreationalProgramingPatterns\CreationalProgramingPatterns.projitems*{d5c30b70-5824-4b70-a238-2773e0651910}*SharedItemsImports = 13
	EndGlobalSection
	GlobalSection(SolutionConfigurationPlatforms) = preSolution
		Debug|Any CPU = Debug|Any CPU
		Release|Any CPU = Release|Any CPU
	EndGlobalSection
	GlobalSection(ProjectConfigurationPlatforms) = postSolution
		{C210E613-D9CF-4481-BE23-646BE0D6F892}.Debug|Any CPU.ActiveCfg = Debug|Any CPU
		{C210E613-D9CF-4481-BE23-646BE0D6F892}.Debug|Any CPU.Build.0 = Debug|Any CPU
		{C210E613-D9CF-4481-BE23-646BE0D6F892}.Release|Any CPU.ActiveCfg = Release|Any CPU
		{C210E613-D9CF-4481-BE23-646BE0D6F892}.Release|Any CPU.Build.0 = Release|Any CPU
	EndGlobalSection
	GlobalSection(SolutionProperties) = preSolution
		HideSolutionNode = FALSE
	EndGlobalSection
	GlobalSection(ExtensibilityGlobals) = postSolution
		SolutionGuid = {A1AEBB3E-93EC-4217-85E2-3587F67D4F4C}
	EndGlobalSection
EndGlobal
